
Microsoft Visual Studio Solution File, Format Version 12.00
# Visual Studio 2012
Project("{FAE04EC0-301F-11D3-BF4B-00C04F79EFBC}") = "WindowsFormsApplication2", "WindowsFormsApplication2\WindowsFormsApplication2.csproj", "{321694D0-8E71-4E71-8065-A5CC8E86D538}"
EndProject
Project("{FAE04EC0-301F-11D3-BF4B-00C04F79EFBC}") = "ClassLibrary1", "ClassLibrary1\ClassLibrary1.csproj", "{EDC28D92-7EBD-4C57-8429-4AA810A7C687}"
EndProject
Global
	GlobalSection(SolutionConfigurationPlatforms) = preSolution
		Debug|Any CPU = Debug|Any CPU
		Release|Any CPU = Release|Any CPU
	EndGlobalSection
	GlobalSection(ProjectConfigurationPlatforms) = postSolution
		{321694D0-8E71-4E71-8065-A5CC8E86D538}.Debug|Any CPU.ActiveCfg = Debug|Any CPU
		{321694D0-8E71-4E71-8065-A5CC8E86D538}.Debug|Any CPU.Build.0 = Debug|Any CPU
		{321694D0-8E71-4E71-8065-A5CC8E86D538}.Release|Any CPU.ActiveCfg = Release|Any CPU
		{321694D0-8E71-4E71-8065-A5CC8E86D538}.Release|Any CPU.Build.0 = Release|Any CPU
		{EDC28D92-7EBD-4C57-8429-4AA810A7C687}.Debug|Any CPU.ActiveCfg = Debug|Any CPU
		{EDC28D92-7EBD-4C57-8429-4AA810A7C687}.Debug|Any CPU.Build.0 = Debug|Any CPU
		{EDC28D92-7EBD-4C57-8429-4AA810A7C687}.Release|Any CPU.ActiveCfg = Release|Any CPU
		{EDC28D92-7EBD-4C57-8429-4AA810A7C687}.Release|Any CPU.Build.0 = Release|Any CPU
	EndGlobalSection
	GlobalSection(SolutionProperties) = preSolution
		HideSolutionNode = FALSE
	EndGlobalSection
EndGlobal
